// !$*UTF8*$!
{
	archiveVersion = 1;
	classes = {
	};
	objectVersion = 56;
	objects = {

/* Begin PBXBuildFile section */
		58C409FAC2AEF9737D7FBC0C /* Pods_QuoteDropletWidgetExtension.framework in Frameworks */ = {isa = PBXBuildFile; fileRef = 07CE975B9D78A4874EB80AAB /* Pods_QuoteDropletWidgetExtension.framework */; };
		DC0EFB842C4CB18100B4D46A /* AdHelper.swift in Sources */ = {isa = PBXBuildFile; fileRef = DC0EFB832C4CB18100B4D46A /* AdHelper.swift */; };
		DC0EFB852C4CB18100B4D46A /* AdHelper.swift in Sources */ = {isa = PBXBuildFile; fileRef = DC0EFB832C4CB18100B4D46A /* AdHelper.swift */; };
		DC0EFB872C4CB1C500B4D46A /* ColorHelper.swift in Sources */ = {isa = PBXBuildFile; fileRef = DC0EFB862C4CB1C500B4D46A /* ColorHelper.swift */; };
		DC0EFB882C4CB1C500B4D46A /* ColorHelper.swift in Sources */ = {isa = PBXBuildFile; fileRef = DC0EFB862C4CB1C500B4D46A /* ColorHelper.swift */; };
		DC14DCC02BB25B9400F87C12 /* GoogleService-Info.plist in Resources */ = {isa = PBXBuildFile; fileRef = DC14DCBF2BB25B9400F87C12 /* GoogleService-Info.plist */; };
		DC14DCC12BB25B9400F87C12 /* GoogleService-Info.plist in Resources */ = {isa = PBXBuildFile; fileRef = DC14DCBF2BB25B9400F87C12 /* GoogleService-Info.plist */; };
		DC26EB942BF96FD4004CA84F /* DropletsView.swift in Sources */ = {isa = PBXBuildFile; fileRef = DC26EB932BF96FD4004CA84F /* DropletsView.swift */; };
		DC26EB952BF96FD4004CA84F /* DropletsView.swift in Sources */ = {isa = PBXBuildFile; fileRef = DC26EB932BF96FD4004CA84F /* DropletsView.swift */; };
		DC2998FA2C4D9C5C0025D32E /* QuoteBox.swift in Sources */ = {isa = PBXBuildFile; fileRef = DC2998F92C4D9C5C0025D32E /* QuoteBox.swift */; };
		DC2998FB2C4D9C5C0025D32E /* QuoteBox.swift in Sources */ = {isa = PBXBuildFile; fileRef = DC2998F92C4D9C5C0025D32E /* QuoteBox.swift */; };
		DC2999072C4DBED40025D32E /* AuthorHelper.swift in Sources */ = {isa = PBXBuildFile; fileRef = DC2999062C4DBED40025D32E /* AuthorHelper.swift */; };
		DC2999082C4DBED40025D32E /* AuthorHelper.swift in Sources */ = {isa = PBXBuildFile; fileRef = DC2999062C4DBED40025D32E /* AuthorHelper.swift */; };
		DC29990A2C4DCE0B0025D32E /* AuthorView.swift in Sources */ = {isa = PBXBuildFile; fileRef = DC2999092C4DCE0B0025D32E /* AuthorView.swift */; };
		DC29990B2C4DCE0B0025D32E /* AuthorView.swift in Sources */ = {isa = PBXBuildFile; fileRef = DC2999092C4DCE0B0025D32E /* AuthorView.swift */; };
		DC29990D2C4DF2350025D32E /* InfoView.swift in Sources */ = {isa = PBXBuildFile; fileRef = DC29990C2C4DF2350025D32E /* InfoView.swift */; };
		DC29990E2C4DF2350025D32E /* InfoView.swift in Sources */ = {isa = PBXBuildFile; fileRef = DC29990C2C4DF2350025D32E /* InfoView.swift */; };
		DC3C86922BA005DE009F581D /* GoogleMobileAds in Frameworks */ = {isa = PBXBuildFile; productRef = DC3C86912BA005DE009F581D /* GoogleMobileAds */; };
		DC3C86942BA00824009F581D /* GoogleMobileAds in Frameworks */ = {isa = PBXBuildFile; productRef = DC3C86932BA00824009F581D /* GoogleMobileAds */; };
		DC420D052CB65BD8003C7753 /* SubmitView.swift in Sources */ = {isa = PBXBuildFile; fileRef = DC420D042CB65BD8003C7753 /* SubmitView.swift */; };
		DC420D062CB65BD8003C7753 /* SubmitView.swift in Sources */ = {isa = PBXBuildFile; fileRef = DC420D042CB65BD8003C7753 /* SubmitView.swift */; };
		DC5205B02B9CED5B0007CB5B /* AppearanceView.swift in Sources */ = {isa = PBXBuildFile; fileRef = DC5205AF2B9CED5B0007CB5B /* AppearanceView.swift */; };
		DC5205B12B9CED5B0007CB5B /* AppearanceView.swift in Sources */ = {isa = PBXBuildFile; fileRef = DC5205AF2B9CED5B0007CB5B /* AppearanceView.swift */; };
		DC5205B32B9CEF620007CB5B /* CommunityView.swift in Sources */ = {isa = PBXBuildFile; fileRef = DC5205B22B9CEF620007CB5B /* CommunityView.swift */; };
		DC5205B42B9CEF620007CB5B /* CommunityView.swift in Sources */ = {isa = PBXBuildFile; fileRef = DC5205B22B9CEF620007CB5B /* CommunityView.swift */; };
		DC5205B62B9CEF7B0007CB5B /* QuotesView.swift in Sources */ = {isa = PBXBuildFile; fileRef = DC5205B52B9CEF7B0007CB5B /* QuotesView.swift */; };
		DC5205B72B9CEF7B0007CB5B /* QuotesView.swift in Sources */ = {isa = PBXBuildFile; fileRef = DC5205B52B9CEF7B0007CB5B /* QuotesView.swift */; };
		DC7010E12BAE63DC008678CB /* QuotesBackup.json in Resources */ = {isa = PBXBuildFile; fileRef = DC7010E02BAE63DC008678CB /* QuotesBackup.json */; };
		DC7010E22BAE63DC008678CB /* QuotesBackup.json in Resources */ = {isa = PBXBuildFile; fileRef = DC7010E02BAE63DC008678CB /* QuotesBackup.json */; };
		DC7010E42BAE654F008678CB /* NotificationSchedulerService.swift in Sources */ = {isa = PBXBuildFile; fileRef = DC7010E32BAE654F008678CB /* NotificationSchedulerService.swift */; };
		DC7010E52BAE654F008678CB /* NotificationSchedulerService.swift in Sources */ = {isa = PBXBuildFile; fileRef = DC7010E32BAE654F008678CB /* NotificationSchedulerService.swift */; };
		DC8279442AA09134004E2BBF /* DataService.swift in Sources */ = {isa = PBXBuildFile; fileRef = DC8279432AA09134004E2BBF /* DataService.swift */; };
		DC890E7F2C5F211900008838 /* LocalQuotesService.swift in Sources */ = {isa = PBXBuildFile; fileRef = DC890E7E2C5F211900008838 /* LocalQuotesService.swift */; };
		DC890E802C5F211900008838 /* LocalQuotesService.swift in Sources */ = {isa = PBXBuildFile; fileRef = DC890E7E2C5F211900008838 /* LocalQuotesService.swift */; };
		DC8C1B042BB2337400B073B7 /* FirebaseAnalytics in Frameworks */ = {isa = PBXBuildFile; productRef = DC8C1B032BB2337400B073B7 /* FirebaseAnalytics */; };
		DC8C1B062BB2343400B073B7 /* FirebaseAnalytics in Frameworks */ = {isa = PBXBuildFile; productRef = DC8C1B052BB2343400B073B7 /* FirebaseAnalytics */; };
		DC96E93B2A9FE78300866D46 /* ContentView.swift in Sources */ = {isa = PBXBuildFile; fileRef = DCAB2DA02A9FA91300A822D7 /* ContentView.swift */; };
		DCA1E2A52C32576D00949BD3 /* sound-for-noti-water-drip-pixabay.mp3 in Resources */ = {isa = PBXBuildFile; fileRef = DCA1E2A42C32576D00949BD3 /* sound-for-noti-water-drip-pixabay.mp3 */; };
		DCA1E2A62C32576D00949BD3 /* sound-for-noti-water-drip-pixabay.mp3 in Resources */ = {isa = PBXBuildFile; fileRef = DCA1E2A42C32576D00949BD3 /* sound-for-noti-water-drip-pixabay.mp3 */; };
		DCAB2D9F2A9FA91300A822D7 /* QuoteDropletApp.swift in Sources */ = {isa = PBXBuildFile; fileRef = DCAB2D9E2A9FA91300A822D7 /* QuoteDropletApp.swift */; };
		DCAB2DA12A9FA91300A822D7 /* ContentView.swift in Sources */ = {isa = PBXBuildFile; fileRef = DCAB2DA02A9FA91300A822D7 /* ContentView.swift */; };
		DCAB2DA32A9FA91900A822D7 /* Assets.xcassets in Resources */ = {isa = PBXBuildFile; fileRef = DCAB2DA22A9FA91900A822D7 /* Assets.xcassets */; };
		DCAB2DA62A9FA91900A822D7 /* Preview Assets.xcassets in Resources */ = {isa = PBXBuildFile; fileRef = DCAB2DA52A9FA91900A822D7 /* Preview Assets.xcassets */; };
		DCAB2DB32A9FA95A00A822D7 /* WidgetKit.framework in Frameworks */ = {isa = PBXBuildFile; fileRef = DCAB2DB22A9FA95A00A822D7 /* WidgetKit.framework */; };
		DCAB2DB52A9FA95A00A822D7 /* SwiftUI.framework in Frameworks */ = {isa = PBXBuildFile; fileRef = DCAB2DB42A9FA95A00A822D7 /* SwiftUI.framework */; };
		DCAB2DB82A9FA95A00A822D7 /* QuoteDropletWidgetBundle.swift in Sources */ = {isa = PBXBuildFile; fileRef = DCAB2DB72A9FA95A00A822D7 /* QuoteDropletWidgetBundle.swift */; };
		DCAB2DBA2A9FA95A00A822D7 /* QuoteDropletWidgetLiveActivity.swift in Sources */ = {isa = PBXBuildFile; fileRef = DCAB2DB92A9FA95A00A822D7 /* QuoteDropletWidgetLiveActivity.swift */; };
		DCAB2DBC2A9FA95A00A822D7 /* QuoteDropletWidget.swift in Sources */ = {isa = PBXBuildFile; fileRef = DCAB2DBB2A9FA95A00A822D7 /* QuoteDropletWidget.swift */; };
		DCAB2DBF2A9FA96100A822D7 /* Assets.xcassets in Resources */ = {isa = PBXBuildFile; fileRef = DCAB2DBE2A9FA96100A822D7 /* Assets.xcassets */; };
		DCAB2DC12A9FA96100A822D7 /* QuoteDropletWidget.intentdefinition in Sources */ = {isa = PBXBuildFile; fileRef = DCAB2DBD2A9FA95B00A822D7 /* QuoteDropletWidget.intentdefinition */; };
		DCAB2DC22A9FA96100A822D7 /* QuoteDropletWidget.intentdefinition in Sources */ = {isa = PBXBuildFile; fileRef = DCAB2DBD2A9FA95B00A822D7 /* QuoteDropletWidget.intentdefinition */; };
		DCAB2DC52A9FA96100A822D7 /* QuoteDropletWidgetExtension.appex in Embed Foundation Extensions */ = {isa = PBXBuildFile; fileRef = DCAB2DB02A9FA95900A822D7 /* QuoteDropletWidgetExtension.appex */; settings = {ATTRIBUTES = (RemoveHeadersOnCopy, ); }; };
		DCAB2DCB2A9FAACA00A822D7 /* APIService.swift in Sources */ = {isa = PBXBuildFile; fileRef = DCAB2DCA2A9FAACA00A822D7 /* APIService.swift */; };
		DCAB2DCD2A9FACC300A822D7 /* Quote.swift in Sources */ = {isa = PBXBuildFile; fileRef = DCAB2DCC2A9FACC300A822D7 /* Quote.swift */; };
		DCAB2DCE2A9FAE8F00A822D7 /* APIService.swift in Sources */ = {isa = PBXBuildFile; fileRef = DCAB2DCA2A9FAACA00A822D7 /* APIService.swift */; };
		DCAB2DCF2A9FAE9400A822D7 /* Quote.swift in Sources */ = {isa = PBXBuildFile; fileRef = DCAB2DCC2A9FACC300A822D7 /* Quote.swift */; };
		DCB722142B9D06E60094BAB8 /* GeneralVars.swift in Sources */ = {isa = PBXBuildFile; fileRef = DCB722132B9D06E60094BAB8 /* GeneralVars.swift */; };
		DCB722152B9D06E60094BAB8 /* GeneralVars.swift in Sources */ = {isa = PBXBuildFile; fileRef = DCB722132B9D06E60094BAB8 /* GeneralVars.swift */; };
		DCBA0C882C5C270700A2E949 /* HeaderView.swift in Sources */ = {isa = PBXBuildFile; fileRef = DCBA0C872C5C270600A2E949 /* HeaderView.swift */; };
		DCBA0C892C5C270700A2E949 /* HeaderView.swift in Sources */ = {isa = PBXBuildFile; fileRef = DCBA0C872C5C270600A2E949 /* HeaderView.swift */; };
		DCC0B3602CC9B136002DED7A /* QuoteCategory.swift in Sources */ = {isa = PBXBuildFile; fileRef = DCC0B35F2CC9B136002DED7A /* QuoteCategory.swift */; };
		DCC0B3612CC9B136002DED7A /* QuoteCategory.swift in Sources */ = {isa = PBXBuildFile; fileRef = DCC0B35F2CC9B136002DED7A /* QuoteCategory.swift */; };
		DCC0B3632CC9B154002DED7A /* Fonts.swift in Sources */ = {isa = PBXBuildFile; fileRef = DCC0B3622CC9B154002DED7A /* Fonts.swift */; };
		DCC0B3662CC9B1A4002DED7A /* QuoteJSON.swift in Sources */ = {isa = PBXBuildFile; fileRef = DCC0B3652CC9B1A4002DED7A /* QuoteJSON.swift */; };
		DCC0B3672CC9B1A4002DED7A /* QuoteJSON.swift in Sources */ = {isa = PBXBuildFile; fileRef = DCC0B3652CC9B1A4002DED7A /* QuoteJSON.swift */; };
		DCC0B36A2CC9B2D0002DED7A /* ColorPaletteView.swift in Sources */ = {isa = PBXBuildFile; fileRef = DCC0B3692CC9B2D0002DED7A /* ColorPaletteView.swift */; };
		DCC0B36B2CC9B2D0002DED7A /* ColorPaletteView.swift in Sources */ = {isa = PBXBuildFile; fileRef = DCC0B3692CC9B2D0002DED7A /* ColorPaletteView.swift */; };
		DCC0B3702CC9C995002DED7A /* Fonts.swift in Sources */ = {isa = PBXBuildFile; fileRef = DCC0B3622CC9B154002DED7A /* Fonts.swift */; };
		DCC0B3722CC9CFC9002DED7A /* LinkImageBuilder.swift in Sources */ = {isa = PBXBuildFile; fileRef = DCC0B3712CC9CFC9002DED7A /* LinkImageBuilder.swift */; };
		DCC0B3732CC9CFC9002DED7A /* LinkImageBuilder.swift in Sources */ = {isa = PBXBuildFile; fileRef = DCC0B3712CC9CFC9002DED7A /* LinkImageBuilder.swift */; };
		DCC0B3762CC9D4CA002DED7A /* APIErrors.swift in Sources */ = {isa = PBXBuildFile; fileRef = DCC0B3752CC9D4CA002DED7A /* APIErrors.swift */; };
		DCC0B3772CC9D4CA002DED7A /* APIErrors.swift in Sources */ = {isa = PBXBuildFile; fileRef = DCC0B3752CC9D4CA002DED7A /* APIErrors.swift */; };
		DCC0B3782CC9DBD8002DED7A /* QuoteDropletWidget.swift in Sources */ = {isa = PBXBuildFile; fileRef = DCAB2DBB2A9FA95A00A822D7 /* QuoteDropletWidget.swift */; };
		DCC0B3792CC9DC08002DED7A /* DataService.swift in Sources */ = {isa = PBXBuildFile; fileRef = DC8279432AA09134004E2BBF /* DataService.swift */; };
		DCC0B37D2CC9DD97002DED7A /* ColorPickerWithoutLabel.swift in Sources */ = {isa = PBXBuildFile; fileRef = DCC0B37C2CC9DD97002DED7A /* ColorPickerWithoutLabel.swift */; };
		DCC0B37E2CC9DD97002DED7A /* ColorPickerWithoutLabel.swift in Sources */ = {isa = PBXBuildFile; fileRef = DCC0B37C2CC9DD97002DED7A /* ColorPickerWithoutLabel.swift */; };
		DCC0B3802CC9F561002DED7A /* AuthorViewModel.swift in Sources */ = {isa = PBXBuildFile; fileRef = DCC0B37F2CC9F561002DED7A /* AuthorViewModel.swift */; };
		DCC0B3812CC9F561002DED7A /* AuthorViewModel.swift in Sources */ = {isa = PBXBuildFile; fileRef = DCC0B37F2CC9F561002DED7A /* AuthorViewModel.swift */; };
		DCC0B3832CC9FC2F002DED7A /* GoogleImageModel.swift in Sources */ = {isa = PBXBuildFile; fileRef = DCC0B3822CC9FC2F002DED7A /* GoogleImageModel.swift */; };
		DCC0B3842CC9FC2F002DED7A /* GoogleImageModel.swift in Sources */ = {isa = PBXBuildFile; fileRef = DCC0B3822CC9FC2F002DED7A /* GoogleImageModel.swift */; };
		DCC0B3892CCA01FB002DED7A /* SubmitViewModel.swift in Sources */ = {isa = PBXBuildFile; fileRef = DCC0B3882CCA01FB002DED7A /* SubmitViewModel.swift */; };
		DCC0B38A2CCA01FB002DED7A /* SubmitViewModel.swift in Sources */ = {isa = PBXBuildFile; fileRef = DCC0B3882CCA01FB002DED7A /* SubmitViewModel.swift */; };
		DCE0F64C2C8EA2A900F24BC6 /* SearchView.swift in Sources */ = {isa = PBXBuildFile; fileRef = DCE0F64B2C8EA2A900F24BC6 /* SearchView.swift */; };
		DCE0F64D2C8EA2A900F24BC6 /* SearchView.swift in Sources */ = {isa = PBXBuildFile; fileRef = DCE0F64B2C8EA2A900F24BC6 /* SearchView.swift */; };
		DCE0F64F2C8EBCEF00F24BC6 /* SingleQuoteView.swift in Sources */ = {isa = PBXBuildFile; fileRef = DCE0F64E2C8EBCEE00F24BC6 /* SingleQuoteView.swift */; };
		DCE0F6502C8EBCEF00F24BC6 /* SingleQuoteView.swift in Sources */ = {isa = PBXBuildFile; fileRef = DCE0F64E2C8EBCEE00F24BC6 /* SingleQuoteView.swift */; };
		E7A00833EB7F4A57F27D2AE0 /* Pods_Quote_Droplet.framework in Frameworks */ = {isa = PBXBuildFile; fileRef = 95461FB5248B4845B525336A /* Pods_Quote_Droplet.framework */; };
/* End PBXBuildFile section */

/* Begin PBXContainerItemProxy section */
		DCAB2DC32A9FA96100A822D7 /* PBXContainerItemProxy */ = {
			isa = PBXContainerItemProxy;
			containerPortal = DCAB2D932A9FA91300A822D7 /* Project object */;
			proxyType = 1;
			remoteGlobalIDString = DCAB2DAF2A9FA95900A822D7;
			remoteInfo = QuoteDropletWidgetExtension;
		};
/* End PBXContainerItemProxy section */

/* Begin PBXCopyFilesBuildPhase section */
		DCAB2DC92A9FA96200A822D7 /* Embed Foundation Extensions */ = {
			isa = PBXCopyFilesBuildPhase;
			buildActionMask = 2147483647;
			dstPath = "";
			dstSubfolderSpec = 13;
			files = (
				DCAB2DC52A9FA96100A822D7 /* QuoteDropletWidgetExtension.appex in Embed Foundation Extensions */,
			);
			name = "Embed Foundation Extensions";
			runOnlyForDeploymentPostprocessing = 0;
		};
/* End PBXCopyFilesBuildPhase section */

/* Begin PBXFileReference section */
		07CE975B9D78A4874EB80AAB /* Pods_QuoteDropletWidgetExtension.framework */ = {isa = PBXFileReference; explicitFileType = wrapper.framework; includeInIndex = 0; path = Pods_QuoteDropletWidgetExtension.framework; sourceTree = BUILT_PRODUCTS_DIR; };
		4C8BE2D0CF8DA61E79354E83 /* Pods-Quote Droplet.release.xcconfig */ = {isa = PBXFileReference; includeInIndex = 1; lastKnownFileType = text.xcconfig; name = "Pods-Quote Droplet.release.xcconfig"; path = "Target Support Files/Pods-Quote Droplet/Pods-Quote Droplet.release.xcconfig"; sourceTree = "<group>"; };
		593C1A394262CDDE062B3B7E /* Pods-QuoteDropletWidgetExtension.release.xcconfig */ = {isa = PBXFileReference; includeInIndex = 1; lastKnownFileType = text.xcconfig; name = "Pods-QuoteDropletWidgetExtension.release.xcconfig"; path = "Target Support Files/Pods-QuoteDropletWidgetExtension/Pods-QuoteDropletWidgetExtension.release.xcconfig"; sourceTree = "<group>"; };
		92EE9E79963F79E0C5F7FF15 /* Pods-QuoteDropletWidgetExtension.debug.xcconfig */ = {isa = PBXFileReference; includeInIndex = 1; lastKnownFileType = text.xcconfig; name = "Pods-QuoteDropletWidgetExtension.debug.xcconfig"; path = "Target Support Files/Pods-QuoteDropletWidgetExtension/Pods-QuoteDropletWidgetExtension.debug.xcconfig"; sourceTree = "<group>"; };
		95461FB5248B4845B525336A /* Pods_Quote_Droplet.framework */ = {isa = PBXFileReference; explicitFileType = wrapper.framework; includeInIndex = 0; path = Pods_Quote_Droplet.framework; sourceTree = BUILT_PRODUCTS_DIR; };
		97C193E55997D759D9D9F200 /* Pods-Quote Droplet.debug.xcconfig */ = {isa = PBXFileReference; includeInIndex = 1; lastKnownFileType = text.xcconfig; name = "Pods-Quote Droplet.debug.xcconfig"; path = "Target Support Files/Pods-Quote Droplet/Pods-Quote Droplet.debug.xcconfig"; sourceTree = "<group>"; };
		DC0EFB832C4CB18100B4D46A /* AdHelper.swift */ = {isa = PBXFileReference; lastKnownFileType = sourcecode.swift; path = AdHelper.swift; sourceTree = "<group>"; };
		DC0EFB862C4CB1C500B4D46A /* ColorHelper.swift */ = {isa = PBXFileReference; lastKnownFileType = sourcecode.swift; path = ColorHelper.swift; sourceTree = "<group>"; };
		DC14DCBF2BB25B9400F87C12 /* GoogleService-Info.plist */ = {isa = PBXFileReference; fileEncoding = 4; lastKnownFileType = text.plist.xml; path = "GoogleService-Info.plist"; sourceTree = "<group>"; };
		DC26EB932BF96FD4004CA84F /* DropletsView.swift */ = {isa = PBXFileReference; lastKnownFileType = sourcecode.swift; path = DropletsView.swift; sourceTree = "<group>"; };
		DC2998F92C4D9C5C0025D32E /* QuoteBox.swift */ = {isa = PBXFileReference; lastKnownFileType = sourcecode.swift; path = QuoteBox.swift; sourceTree = "<group>"; };
		DC2998FE2C4D9C820025D32E /* sound-for-noti-water-drip-pixabay.mp3 */ = {isa = PBXFileReference; lastKnownFileType = audio.mp3; path = "sound-for-noti-water-drip-pixabay.mp3"; sourceTree = "<group>"; };
		DC2998FF2C4D9C910025D32E /* sound-for-noti-water-drip-pixabay.mp3 */ = {isa = PBXFileReference; lastKnownFileType = audio.mp3; name = "sound-for-noti-water-drip-pixabay.mp3"; path = "../../../../../Downloads/sound-for-noti-water-drip-pixabay.mp3"; sourceTree = "<group>"; };
		DC2999062C4DBED40025D32E /* AuthorHelper.swift */ = {isa = PBXFileReference; lastKnownFileType = sourcecode.swift; path = AuthorHelper.swift; sourceTree = "<group>"; };
		DC2999092C4DCE0B0025D32E /* AuthorView.swift */ = {isa = PBXFileReference; lastKnownFileType = sourcecode.swift; path = AuthorView.swift; sourceTree = "<group>"; };
		DC29990C2C4DF2350025D32E /* InfoView.swift */ = {isa = PBXFileReference; lastKnownFileType = sourcecode.swift; path = InfoView.swift; sourceTree = "<group>"; };
		DC420D042CB65BD8003C7753 /* SubmitView.swift */ = {isa = PBXFileReference; lastKnownFileType = sourcecode.swift; path = SubmitView.swift; sourceTree = "<group>"; };
		DC5205AF2B9CED5B0007CB5B /* AppearanceView.swift */ = {isa = PBXFileReference; lastKnownFileType = sourcecode.swift; path = AppearanceView.swift; sourceTree = "<group>"; };
		DC5205B22B9CEF620007CB5B /* CommunityView.swift */ = {isa = PBXFileReference; lastKnownFileType = sourcecode.swift; path = CommunityView.swift; sourceTree = "<group>"; };
		DC5205B52B9CEF7B0007CB5B /* QuotesView.swift */ = {isa = PBXFileReference; lastKnownFileType = sourcecode.swift; path = QuotesView.swift; sourceTree = "<group>"; };
		DC7010E02BAE63DC008678CB /* QuotesBackup.json */ = {isa = PBXFileReference; lastKnownFileType = text.json; path = QuotesBackup.json; sourceTree = "<group>"; };
		DC7010E32BAE654F008678CB /* NotificationSchedulerService.swift */ = {isa = PBXFileReference; lastKnownFileType = sourcecode.swift; path = NotificationSchedulerService.swift; sourceTree = "<group>"; };
		DC8279412AA06325004E2BBF /* Quote Droplet.entitlements */ = {isa = PBXFileReference; lastKnownFileType = text.plist.entitlements; path = "Quote Droplet.entitlements"; sourceTree = "<group>"; };
		DC8279422AA08EA2004E2BBF /* QuoteDropletWidgetExtension.entitlements */ = {isa = PBXFileReference; lastKnownFileType = text.plist.entitlements; path = QuoteDropletWidgetExtension.entitlements; sourceTree = "<group>"; };
		DC8279432AA09134004E2BBF /* DataService.swift */ = {isa = PBXFileReference; lastKnownFileType = sourcecode.swift; path = DataService.swift; sourceTree = "<group>"; };
		DC890E7E2C5F211900008838 /* LocalQuotesService.swift */ = {isa = PBXFileReference; lastKnownFileType = sourcecode.swift; path = LocalQuotesService.swift; sourceTree = "<group>"; };
		DCA1E2A42C32576D00949BD3 /* sound-for-noti-water-drip-pixabay.mp3 */ = {isa = PBXFileReference; lastKnownFileType = audio.mp3; name = "sound-for-noti-water-drip-pixabay.mp3"; path = "../../../../Downloads/sound-for-noti-water-drip-pixabay.mp3"; sourceTree = "<group>"; };
		DCAB2D9B2A9FA91300A822D7 /* Quote Droplet.app */ = {isa = PBXFileReference; explicitFileType = wrapper.application; includeInIndex = 0; path = "Quote Droplet.app"; sourceTree = BUILT_PRODUCTS_DIR; };
		DCAB2D9E2A9FA91300A822D7 /* QuoteDropletApp.swift */ = {isa = PBXFileReference; lastKnownFileType = sourcecode.swift; path = QuoteDropletApp.swift; sourceTree = "<group>"; };
		DCAB2DA02A9FA91300A822D7 /* ContentView.swift */ = {isa = PBXFileReference; lastKnownFileType = sourcecode.swift; path = ContentView.swift; sourceTree = "<group>"; };
		DCAB2DA22A9FA91900A822D7 /* Assets.xcassets */ = {isa = PBXFileReference; lastKnownFileType = folder.assetcatalog; path = Assets.xcassets; sourceTree = "<group>"; };
		DCAB2DA52A9FA91900A822D7 /* Preview Assets.xcassets */ = {isa = PBXFileReference; lastKnownFileType = folder.assetcatalog; path = "Preview Assets.xcassets"; sourceTree = "<group>"; };
		DCAB2DB02A9FA95900A822D7 /* QuoteDropletWidgetExtension.appex */ = {isa = PBXFileReference; explicitFileType = "wrapper.app-extension"; includeInIndex = 0; path = QuoteDropletWidgetExtension.appex; sourceTree = BUILT_PRODUCTS_DIR; };
		DCAB2DB22A9FA95A00A822D7 /* WidgetKit.framework */ = {isa = PBXFileReference; lastKnownFileType = wrapper.framework; name = WidgetKit.framework; path = System/Library/Frameworks/WidgetKit.framework; sourceTree = SDKROOT; };
		DCAB2DB42A9FA95A00A822D7 /* SwiftUI.framework */ = {isa = PBXFileReference; lastKnownFileType = wrapper.framework; name = SwiftUI.framework; path = System/Library/Frameworks/SwiftUI.framework; sourceTree = SDKROOT; };
		DCAB2DB72A9FA95A00A822D7 /* QuoteDropletWidgetBundle.swift */ = {isa = PBXFileReference; lastKnownFileType = sourcecode.swift; path = QuoteDropletWidgetBundle.swift; sourceTree = "<group>"; };
		DCAB2DB92A9FA95A00A822D7 /* QuoteDropletWidgetLiveActivity.swift */ = {isa = PBXFileReference; lastKnownFileType = sourcecode.swift; path = QuoteDropletWidgetLiveActivity.swift; sourceTree = "<group>"; };
		DCAB2DBB2A9FA95A00A822D7 /* QuoteDropletWidget.swift */ = {isa = PBXFileReference; lastKnownFileType = sourcecode.swift; path = QuoteDropletWidget.swift; sourceTree = "<group>"; };
		DCAB2DBD2A9FA95B00A822D7 /* QuoteDropletWidget.intentdefinition */ = {isa = PBXFileReference; lastKnownFileType = file.intentdefinition; path = QuoteDropletWidget.intentdefinition; sourceTree = "<group>"; };
		DCAB2DBE2A9FA96100A822D7 /* Assets.xcassets */ = {isa = PBXFileReference; lastKnownFileType = folder.assetcatalog; path = Assets.xcassets; sourceTree = "<group>"; };
		DCAB2DC02A9FA96100A822D7 /* Info.plist */ = {isa = PBXFileReference; lastKnownFileType = text.plist.xml; path = Info.plist; sourceTree = "<group>"; };
		DCAB2DCA2A9FAACA00A822D7 /* APIService.swift */ = {isa = PBXFileReference; lastKnownFileType = sourcecode.swift; path = APIService.swift; sourceTree = "<group>"; };
		DCAB2DCC2A9FACC300A822D7 /* Quote.swift */ = {isa = PBXFileReference; lastKnownFileType = sourcecode.swift; path = Quote.swift; sourceTree = "<group>"; };
		DCAB2DD02A9FBAB800A822D7 /* Info.plist */ = {isa = PBXFileReference; lastKnownFileType = text.plist; path = Info.plist; sourceTree = "<group>"; };
		DCB722132B9D06E60094BAB8 /* GeneralVars.swift */ = {isa = PBXFileReference; lastKnownFileType = sourcecode.swift; path = GeneralVars.swift; sourceTree = "<group>"; };
		DCBA0C872C5C270600A2E949 /* HeaderView.swift */ = {isa = PBXFileReference; lastKnownFileType = sourcecode.swift; path = HeaderView.swift; sourceTree = "<group>"; };
		DCC0B35F2CC9B136002DED7A /* QuoteCategory.swift */ = {isa = PBXFileReference; lastKnownFileType = sourcecode.swift; path = QuoteCategory.swift; sourceTree = "<group>"; };
		DCC0B3622CC9B154002DED7A /* Fonts.swift */ = {isa = PBXFileReference; lastKnownFileType = sourcecode.swift; path = Fonts.swift; sourceTree = "<group>"; };
		DCC0B3652CC9B1A4002DED7A /* QuoteJSON.swift */ = {isa = PBXFileReference; lastKnownFileType = sourcecode.swift; path = QuoteJSON.swift; sourceTree = "<group>"; };
		DCC0B3692CC9B2D0002DED7A /* ColorPaletteView.swift */ = {isa = PBXFileReference; lastKnownFileType = sourcecode.swift; path = ColorPaletteView.swift; sourceTree = "<group>"; };
		DCC0B3712CC9CFC9002DED7A /* LinkImageBuilder.swift */ = {isa = PBXFileReference; lastKnownFileType = sourcecode.swift; path = LinkImageBuilder.swift; sourceTree = "<group>"; };
		DCC0B3752CC9D4CA002DED7A /* APIErrors.swift */ = {isa = PBXFileReference; lastKnownFileType = sourcecode.swift; path = APIErrors.swift; sourceTree = "<group>"; };
		DCC0B37C2CC9DD97002DED7A /* ColorPickerWithoutLabel.swift */ = {isa = PBXFileReference; lastKnownFileType = sourcecode.swift; path = ColorPickerWithoutLabel.swift; sourceTree = "<group>"; };
		DCC0B37F2CC9F561002DED7A /* AuthorViewModel.swift */ = {isa = PBXFileReference; lastKnownFileType = sourcecode.swift; path = AuthorViewModel.swift; sourceTree = "<group>"; };
		DCC0B3822CC9FC2F002DED7A /* GoogleImageModel.swift */ = {isa = PBXFileReference; lastKnownFileType = sourcecode.swift; path = GoogleImageModel.swift; sourceTree = "<group>"; };
		DCC0B3882CCA01FB002DED7A /* SubmitViewModel.swift */ = {isa = PBXFileReference; lastKnownFileType = sourcecode.swift; path = SubmitViewModel.swift; sourceTree = "<group>"; };
		DCE0F64B2C8EA2A900F24BC6 /* SearchView.swift */ = {isa = PBXFileReference; lastKnownFileType = sourcecode.swift; path = SearchView.swift; sourceTree = "<group>"; };
		DCE0F64E2C8EBCEE00F24BC6 /* SingleQuoteView.swift */ = {isa = PBXFileReference; lastKnownFileType = sourcecode.swift; path = SingleQuoteView.swift; sourceTree = "<group>"; };
/* End PBXFileReference section */

/* Begin PBXFrameworksBuildPhase section */
		DCAB2D982A9FA91300A822D7 /* Frameworks */ = {
			isa = PBXFrameworksBuildPhase;
			buildActionMask = 2147483647;
			files = (
				DC3C86922BA005DE009F581D /* GoogleMobileAds in Frameworks */,
				E7A00833EB7F4A57F27D2AE0 /* Pods_Quote_Droplet.framework in Frameworks */,
				DC8C1B042BB2337400B073B7 /* FirebaseAnalytics in Frameworks */,
			);
			runOnlyForDeploymentPostprocessing = 0;
		};
		DCAB2DAD2A9FA95900A822D7 /* Frameworks */ = {
			isa = PBXFrameworksBuildPhase;
			buildActionMask = 2147483647;
			files = (
				DC3C86942BA00824009F581D /* GoogleMobileAds in Frameworks */,
				DCAB2DB52A9FA95A00A822D7 /* SwiftUI.framework in Frameworks */,
				DCAB2DB32A9FA95A00A822D7 /* WidgetKit.framework in Frameworks */,
				DC8C1B062BB2343400B073B7 /* FirebaseAnalytics in Frameworks */,
				58C409FAC2AEF9737D7FBC0C /* Pods_QuoteDropletWidgetExtension.framework in Frameworks */,
			);
			runOnlyForDeploymentPostprocessing = 0;
		};
/* End PBXFrameworksBuildPhase section */

/* Begin PBXGroup section */
		B65467DA69664EAF952E390B /* Pods */ = {
			isa = PBXGroup;
			children = (
				97C193E55997D759D9D9F200 /* Pods-Quote Droplet.debug.xcconfig */,
				4C8BE2D0CF8DA61E79354E83 /* Pods-Quote Droplet.release.xcconfig */,
				92EE9E79963F79E0C5F7FF15 /* Pods-QuoteDropletWidgetExtension.debug.xcconfig */,
				593C1A394262CDDE062B3B7E /* Pods-QuoteDropletWidgetExtension.release.xcconfig */,
			);
			path = Pods;
			sourceTree = "<group>";
		};
		DC0EFB7F2C4CB11900B4D46A /* Helpers */ = {
			isa = PBXGroup;
			children = (
				DC0EFB832C4CB18100B4D46A /* AdHelper.swift */,
				DC0EFB862C4CB1C500B4D46A /* ColorHelper.swift */,
				DCC0B3712CC9CFC9002DED7A /* LinkImageBuilder.swift */,
				DCC0B37C2CC9DD97002DED7A /* ColorPickerWithoutLabel.swift */,
			);
			path = Helpers;
			sourceTree = "<group>";
		};
		DC0EFB8C2C4CB74D00B4D46A /* Views */ = {
			isa = PBXGroup;
			children = (
				DCC0B36C2CC9B305002DED7A /* TabViews */,
				DCC0B3682CC9B2BF002DED7A /* SubViews */,
				DC0EFB7F2C4CB11900B4D46A /* Helpers */,
				DCAB2DA02A9FA91300A822D7 /* ContentView.swift */,
				DC29990C2C4DF2350025D32E /* InfoView.swift */,
			);
			path = Views;
			sourceTree = "<group>";
		};
		DC0EFB8D2C4CB79100B4D46A /* Services */ = {
			isa = PBXGroup;
			children = (
				DCAB2DCA2A9FAACA00A822D7 /* APIService.swift */,
				DC890E7E2C5F211900008838 /* LocalQuotesService.swift */,
				DC7010E32BAE654F008678CB /* NotificationSchedulerService.swift */,
				DCC0B3752CC9D4CA002DED7A /* APIErrors.swift */,
			);
			path = Services;
			sourceTree = "<group>";
		};
		DC2998FC2C4D9C670025D32E /* Models */ = {
			isa = PBXGroup;
			children = (
				DCAB2DCC2A9FACC300A822D7 /* Quote.swift */,
				DCC0B3652CC9B1A4002DED7A /* QuoteJSON.swift */,
				DCC0B35F2CC9B136002DED7A /* QuoteCategory.swift */,
				DCB722132B9D06E60094BAB8 /* GeneralVars.swift */,
				DC7010E02BAE63DC008678CB /* QuotesBackup.json */,
				DCC0B3822CC9FC2F002DED7A /* GoogleImageModel.swift */,
			);
			path = Models;
			sourceTree = "<group>";
		};
		DC2998FD2C4D9C7B0025D32E /* Utils */ = {
			isa = PBXGroup;
			children = (
				DCC0B3622CC9B154002DED7A /* Fonts.swift */,
				DC2998FE2C4D9C820025D32E /* sound-for-noti-water-drip-pixabay.mp3 */,
				DC2998FF2C4D9C910025D32E /* sound-for-noti-water-drip-pixabay.mp3 */,
				DCAB2DA22A9FA91900A822D7 /* Assets.xcassets */,
			);
			path = Utils;
			sourceTree = "<group>";
		};
		DCAB2D922A9FA91300A822D7 = {
			isa = PBXGroup;
			children = (
				DC8279422AA08EA2004E2BBF /* QuoteDropletWidgetExtension.entitlements */,
				DC8279412AA06325004E2BBF /* Quote Droplet.entitlements */,
				DCAB2D9D2A9FA91300A822D7 /* QuoteDroplet */,
				DCAB2DB62A9FA95A00A822D7 /* QuoteDropletWidget */,
				DCAB2DB12A9FA95A00A822D7 /* Frameworks */,
				DCAB2D9C2A9FA91300A822D7 /* Products */,
				B65467DA69664EAF952E390B /* Pods */,
			);
			sourceTree = "<group>";
		};
		DCAB2D9C2A9FA91300A822D7 /* Products */ = {
			isa = PBXGroup;
			children = (
				DCAB2D9B2A9FA91300A822D7 /* Quote Droplet.app */,
				DCAB2DB02A9FA95900A822D7 /* QuoteDropletWidgetExtension.appex */,
			);
			name = Products;
			sourceTree = "<group>";
		};
		DCAB2D9D2A9FA91300A822D7 /* QuoteDroplet */ = {
			isa = PBXGroup;
			children = (
				DC2998FD2C4D9C7B0025D32E /* Utils */,
				DC0EFB8C2C4CB74D00B4D46A /* Views */,
				DCC0B35E2CC9B057002DED7A /* ViewModels */,
				DC0EFB8D2C4CB79100B4D46A /* Services */,
				DC2998FC2C4D9C670025D32E /* Models */,
				DCA1E2A42C32576D00949BD3 /* sound-for-noti-water-drip-pixabay.mp3 */,
				DC14DCBF2BB25B9400F87C12 /* GoogleService-Info.plist */,
				DCAB2DD02A9FBAB800A822D7 /* Info.plist */,
				DCAB2D9E2A9FA91300A822D7 /* QuoteDropletApp.swift */,
				DCAB2DA42A9FA91900A822D7 /* Preview Content */,
			);
			path = QuoteDroplet;
			sourceTree = "<group>";
		};
		DCAB2DA42A9FA91900A822D7 /* Preview Content */ = {
			isa = PBXGroup;
			children = (
				DCAB2DA52A9FA91900A822D7 /* Preview Assets.xcassets */,
			);
			path = "Preview Content";
			sourceTree = "<group>";
		};
		DCAB2DB12A9FA95A00A822D7 /* Frameworks */ = {
			isa = PBXGroup;
			children = (
				DCAB2DB22A9FA95A00A822D7 /* WidgetKit.framework */,
				DCAB2DB42A9FA95A00A822D7 /* SwiftUI.framework */,
				95461FB5248B4845B525336A /* Pods_Quote_Droplet.framework */,
				07CE975B9D78A4874EB80AAB /* Pods_QuoteDropletWidgetExtension.framework */,
			);
			name = Frameworks;
			sourceTree = "<group>";
		};
		DCAB2DB62A9FA95A00A822D7 /* QuoteDropletWidget */ = {
			isa = PBXGroup;
			children = (
				DCAB2DB72A9FA95A00A822D7 /* QuoteDropletWidgetBundle.swift */,
				DCAB2DB92A9FA95A00A822D7 /* QuoteDropletWidgetLiveActivity.swift */,
				DCAB2DBB2A9FA95A00A822D7 /* QuoteDropletWidget.swift */,
				DCAB2DBD2A9FA95B00A822D7 /* QuoteDropletWidget.intentdefinition */,
				DCAB2DBE2A9FA96100A822D7 /* Assets.xcassets */,
				DCAB2DC02A9FA96100A822D7 /* Info.plist */,
				DC8279432AA09134004E2BBF /* DataService.swift */,
			);
			path = QuoteDropletWidget;
			sourceTree = "<group>";
		};
		DCC0B35E2CC9B057002DED7A /* ViewModels */ = {
			isa = PBXGroup;
			children = (
				DC2999062C4DBED40025D32E /* AuthorHelper.swift */,
				DC2998F92C4D9C5C0025D32E /* QuoteBox.swift */,
				DCC0B37F2CC9F561002DED7A /* AuthorViewModel.swift */,
				DCC0B3882CCA01FB002DED7A /* SubmitViewModel.swift */,
			);
			path = ViewModels;
			sourceTree = "<group>";
		};
		DCC0B3682CC9B2BF002DED7A /* SubViews */ = {
			isa = PBXGroup;
			children = (
				DCBA0C872C5C270600A2E949 /* HeaderView.swift */,
				DCC0B3692CC9B2D0002DED7A /* ColorPaletteView.swift */,
				DC2999092C4DCE0B0025D32E /* AuthorView.swift */,
				DCE0F64E2C8EBCEE00F24BC6 /* SingleQuoteView.swift */,
				DC420D042CB65BD8003C7753 /* SubmitView.swift */,
			);
			path = SubViews;
			sourceTree = "<group>";
		};
		DCC0B36C2CC9B305002DED7A /* TabViews */ = {
			isa = PBXGroup;
			children = (
				DC26EB932BF96FD4004CA84F /* DropletsView.swift */,
				DCE0F64B2C8EA2A900F24BC6 /* SearchView.swift */,
				DC5205AF2B9CED5B0007CB5B /* AppearanceView.swift */,
				DC5205B52B9CEF7B0007CB5B /* QuotesView.swift */,
				DC5205B22B9CEF620007CB5B /* CommunityView.swift */,
			);
			path = TabViews;
			sourceTree = "<group>";
		};
/* End PBXGroup section */

/* Begin PBXNativeTarget section */
		DCAB2D9A2A9FA91300A822D7 /* Quote Droplet */ = {
			isa = PBXNativeTarget;
			buildConfigurationList = DCAB2DA92A9FA91900A822D7 /* Build configuration list for PBXNativeTarget "Quote Droplet" */;
			buildPhases = (
				6EDE450A420436FFE4855A7F /* [CP] Check Pods Manifest.lock */,
				DCAB2D972A9FA91300A822D7 /* Sources */,
				DCAB2D982A9FA91300A822D7 /* Frameworks */,
				DCAB2D992A9FA91300A822D7 /* Resources */,
				DCAB2DC92A9FA96200A822D7 /* Embed Foundation Extensions */,
			);
			buildRules = (
			);
			dependencies = (
				DCAB2DC42A9FA96100A822D7 /* PBXTargetDependency */,
			);
			name = "Quote Droplet";
			packageProductDependencies = (
				DC3C86912BA005DE009F581D /* GoogleMobileAds */,
				DC8C1B032BB2337400B073B7 /* FirebaseAnalytics */,
			);
			productName = QuoteDroplet;
			productReference = DCAB2D9B2A9FA91300A822D7 /* Quote Droplet.app */;
			productType = "com.apple.product-type.application";
		};
		DCAB2DAF2A9FA95900A822D7 /* QuoteDropletWidgetExtension */ = {
			isa = PBXNativeTarget;
			buildConfigurationList = DCAB2DC62A9FA96200A822D7 /* Build configuration list for PBXNativeTarget "QuoteDropletWidgetExtension" */;
			buildPhases = (
				9BE6824EA746BD4CE615EB40 /* [CP] Check Pods Manifest.lock */,
				DCAB2DAC2A9FA95900A822D7 /* Sources */,
				DCAB2DAD2A9FA95900A822D7 /* Frameworks */,
				DCAB2DAE2A9FA95900A822D7 /* Resources */,
			);
			buildRules = (
			);
			dependencies = (
			);
			name = QuoteDropletWidgetExtension;
			packageProductDependencies = (
				DC3C86932BA00824009F581D /* GoogleMobileAds */,
				DC8C1B052BB2343400B073B7 /* FirebaseAnalytics */,
			);
			productName = QuoteDropletWidgetExtension;
			productReference = DCAB2DB02A9FA95900A822D7 /* QuoteDropletWidgetExtension.appex */;
			productType = "com.apple.product-type.app-extension";
		};
/* End PBXNativeTarget section */

/* Begin PBXProject section */
		DCAB2D932A9FA91300A822D7 /* Project object */ = {
			isa = PBXProject;
			attributes = {
				BuildIndependentTargetsInParallel = 1;
				LastSwiftUpdateCheck = 1430;
				LastUpgradeCheck = 1510;
				TargetAttributes = {
					DCAB2D9A2A9FA91300A822D7 = {
						CreatedOnToolsVersion = 14.3.1;
					};
					DCAB2DAF2A9FA95900A822D7 = {
						CreatedOnToolsVersion = 14.3.1;
					};
				};
			};
			buildConfigurationList = DCAB2D962A9FA91300A822D7 /* Build configuration list for PBXProject "Quote Droplet" */;
			compatibilityVersion = "Xcode 14.0";
			developmentRegion = en;
			hasScannedForEncodings = 0;
			knownRegions = (
				en,
				Base,
			);
			mainGroup = DCAB2D922A9FA91300A822D7;
			packageReferences = (
				DC3C86902BA0056A009F581D /* XCRemoteSwiftPackageReference "swift-package-manager-google-mobile-ads" */,
				DC8C1B022BB2337400B073B7 /* XCRemoteSwiftPackageReference "firebase-ios-sdk" */,
			);
			productRefGroup = DCAB2D9C2A9FA91300A822D7 /* Products */;
			projectDirPath = "";
			projectRoot = "";
			targets = (
				DCAB2D9A2A9FA91300A822D7 /* Quote Droplet */,
				DCAB2DAF2A9FA95900A822D7 /* QuoteDropletWidgetExtension */,
			);
		};
/* End PBXProject section */

/* Begin PBXResourcesBuildPhase section */
		DCAB2D992A9FA91300A822D7 /* Resources */ = {
			isa = PBXResourcesBuildPhase;
			buildActionMask = 2147483647;
			files = (
				DCAB2DA62A9FA91900A822D7 /* Preview Assets.xcassets in Resources */,
				DC14DCC02BB25B9400F87C12 /* GoogleService-Info.plist in Resources */,
				DCAB2DA32A9FA91900A822D7 /* Assets.xcassets in Resources */,
				DCA1E2A52C32576D00949BD3 /* sound-for-noti-water-drip-pixabay.mp3 in Resources */,
				DC7010E12BAE63DC008678CB /* QuotesBackup.json in Resources */,
			);
			runOnlyForDeploymentPostprocessing = 0;
		};
		DCAB2DAE2A9FA95900A822D7 /* Resources */ = {
			isa = PBXResourcesBuildPhase;
			buildActionMask = 2147483647;
			files = (
				DCA1E2A62C32576D00949BD3 /* sound-for-noti-water-drip-pixabay.mp3 in Resources */,
				DC7010E22BAE63DC008678CB /* QuotesBackup.json in Resources */,
				DCAB2DBF2A9FA96100A822D7 /* Assets.xcassets in Resources */,
				DC14DCC12BB25B9400F87C12 /* GoogleService-Info.plist in Resources */,
			);
			runOnlyForDeploymentPostprocessing = 0;
		};
/* End PBXResourcesBuildPhase section */

/* Begin PBXShellScriptBuildPhase section */
		6EDE450A420436FFE4855A7F /* [CP] Check Pods Manifest.lock */ = {
			isa = PBXShellScriptBuildPhase;
			buildActionMask = 2147483647;
			files = (
			);
			inputFileListPaths = (
			);
			inputPaths = (
				"${PODS_PODFILE_DIR_PATH}/Podfile.lock",
				"${PODS_ROOT}/Manifest.lock",
			);
			name = "[CP] Check Pods Manifest.lock";
			outputFileListPaths = (
			);
			outputPaths = (
				"$(DERIVED_FILE_DIR)/Pods-Quote Droplet-checkManifestLockResult.txt",
			);
			runOnlyForDeploymentPostprocessing = 0;
			shellPath = /bin/sh;
			shellScript = "diff \"${PODS_PODFILE_DIR_PATH}/Podfile.lock\" \"${PODS_ROOT}/Manifest.lock\" > /dev/null\nif [ $? != 0 ] ; then\n    # print error to STDERR\n    echo \"error: The sandbox is not in sync with the Podfile.lock. Run 'pod install' or update your CocoaPods installation.\" >&2\n    exit 1\nfi\n# This output is used by Xcode 'outputs' to avoid re-running this script phase.\necho \"SUCCESS\" > \"${SCRIPT_OUTPUT_FILE_0}\"\n";
			showEnvVarsInLog = 0;
		};
		9BE6824EA746BD4CE615EB40 /* [CP] Check Pods Manifest.lock */ = {
			isa = PBXShellScriptBuildPhase;
			buildActionMask = 2147483647;
			files = (
			);
			inputFileListPaths = (
			);
			inputPaths = (
				"${PODS_PODFILE_DIR_PATH}/Podfile.lock",
				"${PODS_ROOT}/Manifest.lock",
			);
			name = "[CP] Check Pods Manifest.lock";
			outputFileListPaths = (
			);
			outputPaths = (
				"$(DERIVED_FILE_DIR)/Pods-QuoteDropletWidgetExtension-checkManifestLockResult.txt",
			);
			runOnlyForDeploymentPostprocessing = 0;
			shellPath = /bin/sh;
			shellScript = "diff \"${PODS_PODFILE_DIR_PATH}/Podfile.lock\" \"${PODS_ROOT}/Manifest.lock\" > /dev/null\nif [ $? != 0 ] ; then\n    # print error to STDERR\n    echo \"error: The sandbox is not in sync with the Podfile.lock. Run 'pod install' or update your CocoaPods installation.\" >&2\n    exit 1\nfi\n# This output is used by Xcode 'outputs' to avoid re-running this script phase.\necho \"SUCCESS\" > \"${SCRIPT_OUTPUT_FILE_0}\"\n";
			showEnvVarsInLog = 0;
		};
/* End PBXShellScriptBuildPhase section */

/* Begin PBXSourcesBuildPhase section */
		DCAB2D972A9FA91300A822D7 /* Sources */ = {
			isa = PBXSourcesBuildPhase;
			buildActionMask = 2147483647;
			files = (
				DC890E7F2C5F211900008838 /* LocalQuotesService.swift in Sources */,
				DCC0B3632CC9B154002DED7A /* Fonts.swift in Sources */,
				DC2998FA2C4D9C5C0025D32E /* QuoteBox.swift in Sources */,
				DCC0B3722CC9CFC9002DED7A /* LinkImageBuilder.swift in Sources */,
				DC7010E42BAE654F008678CB /* NotificationSchedulerService.swift in Sources */,
				DCC0B3782CC9DBD8002DED7A /* QuoteDropletWidget.swift in Sources */,
				DCAB2DA12A9FA91300A822D7 /* ContentView.swift in Sources */,
				DCC0B3792CC9DC08002DED7A /* DataService.swift in Sources */,
				DCC0B3832CC9FC2F002DED7A /* GoogleImageModel.swift in Sources */,
				DC5205B32B9CEF620007CB5B /* CommunityView.swift in Sources */,
				DC2999072C4DBED40025D32E /* AuthorHelper.swift in Sources */,
				DCB722142B9D06E60094BAB8 /* GeneralVars.swift in Sources */,
				DCC0B3662CC9B1A4002DED7A /* QuoteJSON.swift in Sources */,
				DCAB2DC22A9FA96100A822D7 /* QuoteDropletWidget.intentdefinition in Sources */,
				DC29990D2C4DF2350025D32E /* InfoView.swift in Sources */,
				DCC0B3762CC9D4CA002DED7A /* APIErrors.swift in Sources */,
				DCC0B3802CC9F561002DED7A /* AuthorViewModel.swift in Sources */,
				DC0EFB872C4CB1C500B4D46A /* ColorHelper.swift in Sources */,
				DCE0F64C2C8EA2A900F24BC6 /* SearchView.swift in Sources */,
				DCAB2DCB2A9FAACA00A822D7 /* APIService.swift in Sources */,
				DC26EB942BF96FD4004CA84F /* DropletsView.swift in Sources */,
				DCC0B36A2CC9B2D0002DED7A /* ColorPaletteView.swift in Sources */,
				DCAB2DCD2A9FACC300A822D7 /* Quote.swift in Sources */,
				DC0EFB842C4CB18100B4D46A /* AdHelper.swift in Sources */,
				DCBA0C882C5C270700A2E949 /* HeaderView.swift in Sources */,
				DC5205B02B9CED5B0007CB5B /* AppearanceView.swift in Sources */,
				DCC0B37D2CC9DD97002DED7A /* ColorPickerWithoutLabel.swift in Sources */,
				DCC0B3602CC9B136002DED7A /* QuoteCategory.swift in Sources */,
				DC29990A2C4DCE0B0025D32E /* AuthorView.swift in Sources */,
				DCE0F64F2C8EBCEF00F24BC6 /* SingleQuoteView.swift in Sources */,
				DCC0B3892CCA01FB002DED7A /* SubmitViewModel.swift in Sources */,
				DCAB2D9F2A9FA91300A822D7 /* QuoteDropletApp.swift in Sources */,
				DC420D052CB65BD8003C7753 /* SubmitView.swift in Sources */,
				DC5205B62B9CEF7B0007CB5B /* QuotesView.swift in Sources */,
			);
			runOnlyForDeploymentPostprocessing = 0;
		};
		DCAB2DAC2A9FA95900A822D7 /* Sources */ = {
			isa = PBXSourcesBuildPhase;
			buildActionMask = 2147483647;
			files = (
				DC26EB952BF96FD4004CA84F /* DropletsView.swift in Sources */,
				DCC0B3772CC9D4CA002DED7A /* APIErrors.swift in Sources */,
				DC7010E52BAE654F008678CB /* NotificationSchedulerService.swift in Sources */,
				DCC0B36B2CC9B2D0002DED7A /* ColorPaletteView.swift in Sources */,
				DCAB2DC12A9FA96100A822D7 /* QuoteDropletWidget.intentdefinition in Sources */,
				DCE0F64D2C8EA2A900F24BC6 /* SearchView.swift in Sources */,
				DCC0B37E2CC9DD97002DED7A /* ColorPickerWithoutLabel.swift in Sources */,
				DC29990B2C4DCE0B0025D32E /* AuthorView.swift in Sources */,
				DC420D062CB65BD8003C7753 /* SubmitView.swift in Sources */,
				DCC0B3732CC9CFC9002DED7A /* LinkImageBuilder.swift in Sources */,
				DCAB2DCE2A9FAE8F00A822D7 /* APIService.swift in Sources */,
				DCB722152B9D06E60094BAB8 /* GeneralVars.swift in Sources */,
				DCC0B3812CC9F561002DED7A /* AuthorViewModel.swift in Sources */,
				DC96E93B2A9FE78300866D46 /* ContentView.swift in Sources */,
				DC5205B42B9CEF620007CB5B /* CommunityView.swift in Sources */,
				DCE0F6502C8EBCEF00F24BC6 /* SingleQuoteView.swift in Sources */,
				DCC0B3612CC9B136002DED7A /* QuoteCategory.swift in Sources */,
				DCAB2DBA2A9FA95A00A822D7 /* QuoteDropletWidgetLiveActivity.swift in Sources */,
				DC0EFB882C4CB1C500B4D46A /* ColorHelper.swift in Sources */,
				DC5205B12B9CED5B0007CB5B /* AppearanceView.swift in Sources */,
				DCC0B38A2CCA01FB002DED7A /* SubmitViewModel.swift in Sources */,
				DC2998FB2C4D9C5C0025D32E /* QuoteBox.swift in Sources */,
				DC29990E2C4DF2350025D32E /* InfoView.swift in Sources */,
				DCAB2DB82A9FA95A00A822D7 /* QuoteDropletWidgetBundle.swift in Sources */,
				DC5205B72B9CEF7B0007CB5B /* QuotesView.swift in Sources */,
				DCAB2DCF2A9FAE9400A822D7 /* Quote.swift in Sources */,
				DCAB2DBC2A9FA95A00A822D7 /* QuoteDropletWidget.swift in Sources */,
				DCC0B3702CC9C995002DED7A /* Fonts.swift in Sources */,
				DC890E802C5F211900008838 /* LocalQuotesService.swift in Sources */,
				DCC0B3842CC9FC2F002DED7A /* GoogleImageModel.swift in Sources */,
				DC0EFB852C4CB18100B4D46A /* AdHelper.swift in Sources */,
				DC2999082C4DBED40025D32E /* AuthorHelper.swift in Sources */,
				DCBA0C892C5C270700A2E949 /* HeaderView.swift in Sources */,
				DCC0B3672CC9B1A4002DED7A /* QuoteJSON.swift in Sources */,
				DC8279442AA09134004E2BBF /* DataService.swift in Sources */,
			);
			runOnlyForDeploymentPostprocessing = 0;
		};
/* End PBXSourcesBuildPhase section */

/* Begin PBXTargetDependency section */
		DCAB2DC42A9FA96100A822D7 /* PBXTargetDependency */ = {
			isa = PBXTargetDependency;
			target = DCAB2DAF2A9FA95900A822D7 /* QuoteDropletWidgetExtension */;
			targetProxy = DCAB2DC32A9FA96100A822D7 /* PBXContainerItemProxy */;
		};
/* End PBXTargetDependency section */

/* Begin XCBuildConfiguration section */
		DCAB2DA72A9FA91900A822D7 /* Debug */ = {
			isa = XCBuildConfiguration;
			buildSettings = {
				ALWAYS_SEARCH_USER_PATHS = NO;
				ASSETCATALOG_COMPILER_GENERATE_SWIFT_ASSET_SYMBOL_EXTENSIONS = YES;
				CLANG_ANALYZER_NONNULL = YES;
				CLANG_ANALYZER_NUMBER_OBJECT_CONVERSION = YES_AGGRESSIVE;
				CLANG_CXX_LANGUAGE_STANDARD = "gnu++20";
				CLANG_ENABLE_MODULES = YES;
				CLANG_ENABLE_OBJC_ARC = YES;
				CLANG_ENABLE_OBJC_WEAK = YES;
				CLANG_WARN_BLOCK_CAPTURE_AUTORELEASING = YES;
				CLANG_WARN_BOOL_CONVERSION = YES;
				CLANG_WARN_COMMA = YES;
				CLANG_WARN_CONSTANT_CONVERSION = YES;
				CLANG_WARN_DEPRECATED_OBJC_IMPLEMENTATIONS = YES;
				CLANG_WARN_DIRECT_OBJC_ISA_USAGE = YES_ERROR;
				CLANG_WARN_DOCUMENTATION_COMMENTS = YES;
				CLANG_WARN_EMPTY_BODY = YES;
				CLANG_WARN_ENUM_CONVERSION = YES;
				CLANG_WARN_INFINITE_RECURSION = YES;
				CLANG_WARN_INT_CONVERSION = YES;
				CLANG_WARN_NON_LITERAL_NULL_CONVERSION = YES;
				CLANG_WARN_OBJC_IMPLICIT_RETAIN_SELF = YES;
				CLANG_WARN_OBJC_LITERAL_CONVERSION = YES;
				CLANG_WARN_OBJC_ROOT_CLASS = YES_ERROR;
				CLANG_WARN_QUOTED_INCLUDE_IN_FRAMEWORK_HEADER = YES;
				CLANG_WARN_RANGE_LOOP_ANALYSIS = YES;
				CLANG_WARN_STRICT_PROTOTYPES = YES;
				CLANG_WARN_SUSPICIOUS_MOVE = YES;
				CLANG_WARN_UNGUARDED_AVAILABILITY = YES_AGGRESSIVE;
				CLANG_WARN_UNREACHABLE_CODE = YES;
				CLANG_WARN__DUPLICATE_METHOD_MATCH = YES;
				COPY_PHASE_STRIP = NO;
				DEBUG_INFORMATION_FORMAT = dwarf;
				ENABLE_STRICT_OBJC_MSGSEND = YES;
				ENABLE_TESTABILITY = YES;
				ENABLE_USER_SCRIPT_SANDBOXING = YES;
				GCC_C_LANGUAGE_STANDARD = gnu11;
				GCC_DYNAMIC_NO_PIC = NO;
				GCC_NO_COMMON_BLOCKS = YES;
				GCC_OPTIMIZATION_LEVEL = 0;
				GCC_PREPROCESSOR_DEFINITIONS = (
					"DEBUG=1",
					"$(inherited)",
				);
				GCC_WARN_64_TO_32_BIT_CONVERSION = YES;
				GCC_WARN_ABOUT_RETURN_TYPE = YES_ERROR;
				GCC_WARN_UNDECLARED_SELECTOR = YES;
				GCC_WARN_UNINITIALIZED_AUTOS = YES_AGGRESSIVE;
				GCC_WARN_UNUSED_FUNCTION = YES;
				GCC_WARN_UNUSED_VARIABLE = YES;
				IPHONEOS_DEPLOYMENT_TARGET = 15.2;
				MTL_ENABLE_DEBUG_INFO = INCLUDE_SOURCE;
				MTL_FAST_MATH = YES;
				ONLY_ACTIVE_ARCH = YES;
				SDKROOT = iphoneos;
				SWIFT_ACTIVE_COMPILATION_CONDITIONS = DEBUG;
				SWIFT_OPTIMIZATION_LEVEL = "-Onone";
			};
			name = Debug;
		};
		DCAB2DA82A9FA91900A822D7 /* Release */ = {
			isa = XCBuildConfiguration;
			buildSettings = {
				ALWAYS_SEARCH_USER_PATHS = NO;
				ASSETCATALOG_COMPILER_GENERATE_SWIFT_ASSET_SYMBOL_EXTENSIONS = YES;
				CLANG_ANALYZER_NONNULL = YES;
				CLANG_ANALYZER_NUMBER_OBJECT_CONVERSION = YES_AGGRESSIVE;
				CLANG_CXX_LANGUAGE_STANDARD = "gnu++20";
				CLANG_ENABLE_MODULES = YES;
				CLANG_ENABLE_OBJC_ARC = YES;
				CLANG_ENABLE_OBJC_WEAK = YES;
				CLANG_WARN_BLOCK_CAPTURE_AUTORELEASING = YES;
				CLANG_WARN_BOOL_CONVERSION = YES;
				CLANG_WARN_COMMA = YES;
				CLANG_WARN_CONSTANT_CONVERSION = YES;
				CLANG_WARN_DEPRECATED_OBJC_IMPLEMENTATIONS = YES;
				CLANG_WARN_DIRECT_OBJC_ISA_USAGE = YES_ERROR;
				CLANG_WARN_DOCUMENTATION_COMMENTS = YES;
				CLANG_WARN_EMPTY_BODY = YES;
				CLANG_WARN_ENUM_CONVERSION = YES;
				CLANG_WARN_INFINITE_RECURSION = YES;
				CLANG_WARN_INT_CONVERSION = YES;
				CLANG_WARN_NON_LITERAL_NULL_CONVERSION = YES;
				CLANG_WARN_OBJC_IMPLICIT_RETAIN_SELF = YES;
				CLANG_WARN_OBJC_LITERAL_CONVERSION = YES;
				CLANG_WARN_OBJC_ROOT_CLASS = YES_ERROR;
				CLANG_WARN_QUOTED_INCLUDE_IN_FRAMEWORK_HEADER = YES;
				CLANG_WARN_RANGE_LOOP_ANALYSIS = YES;
				CLANG_WARN_STRICT_PROTOTYPES = YES;
				CLANG_WARN_SUSPICIOUS_MOVE = YES;
				CLANG_WARN_UNGUARDED_AVAILABILITY = YES_AGGRESSIVE;
				CLANG_WARN_UNREACHABLE_CODE = YES;
				CLANG_WARN__DUPLICATE_METHOD_MATCH = YES;
				COPY_PHASE_STRIP = NO;
				DEBUG_INFORMATION_FORMAT = "dwarf-with-dsym";
				ENABLE_NS_ASSERTIONS = NO;
				ENABLE_STRICT_OBJC_MSGSEND = YES;
				ENABLE_USER_SCRIPT_SANDBOXING = YES;
				GCC_C_LANGUAGE_STANDARD = gnu11;
				GCC_NO_COMMON_BLOCKS = YES;
				GCC_WARN_64_TO_32_BIT_CONVERSION = YES;
				GCC_WARN_ABOUT_RETURN_TYPE = YES_ERROR;
				GCC_WARN_UNDECLARED_SELECTOR = YES;
				GCC_WARN_UNINITIALIZED_AUTOS = YES_AGGRESSIVE;
				GCC_WARN_UNUSED_FUNCTION = YES;
				GCC_WARN_UNUSED_VARIABLE = YES;
				IPHONEOS_DEPLOYMENT_TARGET = 15.2;
				MTL_ENABLE_DEBUG_INFO = NO;
				MTL_FAST_MATH = YES;
				SDKROOT = iphoneos;
				SWIFT_COMPILATION_MODE = wholemodule;
				SWIFT_OPTIMIZATION_LEVEL = "-O";
				VALIDATE_PRODUCT = YES;
			};
			name = Release;
		};
		DCAB2DAA2A9FA91900A822D7 /* Debug */ = {
			isa = XCBuildConfiguration;
			baseConfigurationReference = 97C193E55997D759D9D9F200 /* Pods-Quote Droplet.debug.xcconfig */;
			buildSettings = {
				ALWAYS_EMBED_SWIFT_STANDARD_LIBRARIES = YES;
				ASSETCATALOG_COMPILER_APPICON_NAME = AppIcon;
				ASSETCATALOG_COMPILER_GLOBAL_ACCENT_COLOR_NAME = AccentColor;
				CODE_SIGN_ENTITLEMENTS = "Quote Droplet.entitlements";
				CODE_SIGN_STYLE = Automatic;
				CURRENT_PROJECT_VERSION = 1;
				DEVELOPMENT_ASSET_PATHS = "\"QuoteDroplet/Preview Content\"";
				DEVELOPMENT_TEAM = GUW483PXY6;
				ENABLE_PREVIEWS = YES;
				GENERATE_INFOPLIST_FILE = YES;
				INFOPLIST_FILE = QuoteDroplet/Info.plist;
				INFOPLIST_KEY_CFBundleDisplayName = "Quote Droplet";
				INFOPLIST_KEY_LSApplicationCategoryType = "public.app-category.education";
				INFOPLIST_KEY_UIApplicationSceneManifest_Generation = YES;
				INFOPLIST_KEY_UIApplicationSupportsIndirectInputEvents = YES;
				INFOPLIST_KEY_UILaunchScreen_Generation = YES;
				INFOPLIST_KEY_UISupportedInterfaceOrientations_iPad = "UIInterfaceOrientationPortrait UIInterfaceOrientationPortraitUpsideDown UIInterfaceOrientationLandscapeLeft UIInterfaceOrientationLandscapeRight";
				INFOPLIST_KEY_UISupportedInterfaceOrientations_iPhone = "UIInterfaceOrientationPortrait UIInterfaceOrientationLandscapeLeft UIInterfaceOrientationLandscapeRight";
				IPHONEOS_DEPLOYMENT_TARGET = 14.0;
				LD_RUNPATH_SEARCH_PATHS = (
					"$(inherited)",
					"@executable_path/Frameworks",
				);
				MARKETING_VERSION = 5.5;
				PRODUCT_BUNDLE_IDENTIFIER = "com.Daggerpov.Quote-Droplet";
				PRODUCT_NAME = "$(TARGET_NAME)";
				SUPPORTED_PLATFORMS = "iphoneos iphonesimulator";
				SUPPORTS_MACCATALYST = NO;
				SUPPORTS_MAC_DESIGNED_FOR_IPHONE_IPAD = NO;
				SWIFT_EMIT_LOC_STRINGS = YES;
				SWIFT_VERSION = 5.0;
				TARGETED_DEVICE_FAMILY = "1,2";
			};
			name = Debug;
		};
		DCAB2DAB2A9FA91900A822D7 /* Release */ = {
			isa = XCBuildConfiguration;
			baseConfigurationReference = 4C8BE2D0CF8DA61E79354E83 /* Pods-Quote Droplet.release.xcconfig */;
			buildSettings = {
				ALWAYS_EMBED_SWIFT_STANDARD_LIBRARIES = YES;
				ASSETCATALOG_COMPILER_APPICON_NAME = AppIcon;
				ASSETCATALOG_COMPILER_GLOBAL_ACCENT_COLOR_NAME = AccentColor;
				CODE_SIGN_ENTITLEMENTS = "Quote Droplet.entitlements";
				CODE_SIGN_STYLE = Automatic;
				CURRENT_PROJECT_VERSION = 1;
				DEVELOPMENT_ASSET_PATHS = "\"QuoteDroplet/Preview Content\"";
				DEVELOPMENT_TEAM = GUW483PXY6;
				ENABLE_PREVIEWS = YES;
				GENERATE_INFOPLIST_FILE = YES;
				INFOPLIST_FILE = QuoteDroplet/Info.plist;
				INFOPLIST_KEY_CFBundleDisplayName = "Quote Droplet";
				INFOPLIST_KEY_LSApplicationCategoryType = "public.app-category.education";
				INFOPLIST_KEY_UIApplicationSceneManifest_Generation = YES;
				INFOPLIST_KEY_UIApplicationSupportsIndirectInputEvents = YES;
				INFOPLIST_KEY_UILaunchScreen_Generation = YES;
				INFOPLIST_KEY_UISupportedInterfaceOrientations_iPad = "UIInterfaceOrientationPortrait UIInterfaceOrientationPortraitUpsideDown UIInterfaceOrientationLandscapeLeft UIInterfaceOrientationLandscapeRight";
				INFOPLIST_KEY_UISupportedInterfaceOrientations_iPhone = "UIInterfaceOrientationPortrait UIInterfaceOrientationLandscapeLeft UIInterfaceOrientationLandscapeRight";
				IPHONEOS_DEPLOYMENT_TARGET = 14.0;
				LD_RUNPATH_SEARCH_PATHS = (
					"$(inherited)",
					"@executable_path/Frameworks",
				);
				MARKETING_VERSION = 5.5;
				PRODUCT_BUNDLE_IDENTIFIER = "com.Daggerpov.Quote-Droplet";
				PRODUCT_NAME = "$(TARGET_NAME)";
				SUPPORTED_PLATFORMS = "iphoneos iphonesimulator";
				SUPPORTS_MACCATALYST = NO;
				SUPPORTS_MAC_DESIGNED_FOR_IPHONE_IPAD = NO;
				SWIFT_EMIT_LOC_STRINGS = YES;
				SWIFT_VERSION = 5.0;
				TARGETED_DEVICE_FAMILY = "1,2";
			};
			name = Release;
		};
		DCAB2DC72A9FA96200A822D7 /* Debug */ = {
			isa = XCBuildConfiguration;
			baseConfigurationReference = 92EE9E79963F79E0C5F7FF15 /* Pods-QuoteDropletWidgetExtension.debug.xcconfig */;
			buildSettings = {
				ASSETCATALOG_COMPILER_GLOBAL_ACCENT_COLOR_NAME = AccentColor;
				ASSETCATALOG_COMPILER_WIDGET_BACKGROUND_COLOR_NAME = WidgetBackground;
				CODE_SIGN_ENTITLEMENTS = QuoteDropletWidgetExtension.entitlements;
				CODE_SIGN_STYLE = Automatic;
				CURRENT_PROJECT_VERSION = 1;
				DEVELOPMENT_TEAM = GUW483PXY6;
				GENERATE_INFOPLIST_FILE = YES;
				INFOPLIST_FILE = QuoteDropletWidget/Info.plist;
				INFOPLIST_KEY_CFBundleDisplayName = QuoteDropletWidget;
				INFOPLIST_KEY_NSHumanReadableCopyright = "";
				IPHONEOS_DEPLOYMENT_TARGET = 14.0;
				LD_RUNPATH_SEARCH_PATHS = (
					"$(inherited)",
					"@executable_path/Frameworks",
					"@executable_path/../../Frameworks",
				);
				MARKETING_VERSION = 5.5;
				PRODUCT_BUNDLE_IDENTIFIER = "com.Daggerpov.Quote-Droplet.QuoteDropletWidget";
				PRODUCT_NAME = "$(TARGET_NAME)";
				SKIP_INSTALL = YES;
				SWIFT_EMIT_LOC_STRINGS = YES;
				SWIFT_VERSION = 5.0;
				TARGETED_DEVICE_FAMILY = "1,2";
			};
			name = Debug;
		};
		DCAB2DC82A9FA96200A822D7 /* Release */ = {
			isa = XCBuildConfiguration;
			baseConfigurationReference = 593C1A394262CDDE062B3B7E /* Pods-QuoteDropletWidgetExtension.release.xcconfig */;
			buildSettings = {
				ASSETCATALOG_COMPILER_GLOBAL_ACCENT_COLOR_NAME = AccentColor;
				ASSETCATALOG_COMPILER_WIDGET_BACKGROUND_COLOR_NAME = WidgetBackground;
				CODE_SIGN_ENTITLEMENTS = QuoteDropletWidgetExtension.entitlements;
				CODE_SIGN_STYLE = Automatic;
				CURRENT_PROJECT_VERSION = 1;
				DEVELOPMENT_TEAM = GUW483PXY6;
				GENERATE_INFOPLIST_FILE = YES;
				INFOPLIST_FILE = QuoteDropletWidget/Info.plist;
				INFOPLIST_KEY_CFBundleDisplayName = QuoteDropletWidget;
				INFOPLIST_KEY_NSHumanReadableCopyright = "";
				IPHONEOS_DEPLOYMENT_TARGET = 14.0;
				LD_RUNPATH_SEARCH_PATHS = (
					"$(inherited)",
					"@executable_path/Frameworks",
					"@executable_path/../../Frameworks",
				);
				MARKETING_VERSION = 5.5;
				PRODUCT_BUNDLE_IDENTIFIER = "com.Daggerpov.Quote-Droplet.QuoteDropletWidget";
				PRODUCT_NAME = "$(TARGET_NAME)";
				SKIP_INSTALL = YES;
				SWIFT_EMIT_LOC_STRINGS = YES;
				SWIFT_VERSION = 5.0;
				TARGETED_DEVICE_FAMILY = "1,2";
			};
			name = Release;
		};
/* End XCBuildConfiguration section */

/* Begin XCConfigurationList section */
		DCAB2D962A9FA91300A822D7 /* Build configuration list for PBXProject "Quote Droplet" */ = {
			isa = XCConfigurationList;
			buildConfigurations = (
				DCAB2DA72A9FA91900A822D7 /* Debug */,
				DCAB2DA82A9FA91900A822D7 /* Release */,
			);
			defaultConfigurationIsVisible = 0;
			defaultConfigurationName = Release;
		};
		DCAB2DA92A9FA91900A822D7 /* Build configuration list for PBXNativeTarget "Quote Droplet" */ = {
			isa = XCConfigurationList;
			buildConfigurations = (
				DCAB2DAA2A9FA91900A822D7 /* Debug */,
				DCAB2DAB2A9FA91900A822D7 /* Release */,
			);
			defaultConfigurationIsVisible = 0;
			defaultConfigurationName = Release;
		};
		DCAB2DC62A9FA96200A822D7 /* Build configuration list for PBXNativeTarget "QuoteDropletWidgetExtension" */ = {
			isa = XCConfigurationList;
			buildConfigurations = (
				DCAB2DC72A9FA96200A822D7 /* Debug */,
				DCAB2DC82A9FA96200A822D7 /* Release */,
			);
			defaultConfigurationIsVisible = 0;
			defaultConfigurationName = Release;
		};
/* End XCConfigurationList section */

/* Begin XCRemoteSwiftPackageReference section */
		DC3C86902BA0056A009F581D /* XCRemoteSwiftPackageReference "swift-package-manager-google-mobile-ads" */ = {
			isa = XCRemoteSwiftPackageReference;
			repositoryURL = "https://github.com/googleads/swift-package-manager-google-mobile-ads.git";
			requirement = {
				kind = upToNextMajorVersion;
				minimumVersion = 11.1.0;
			};
		};
		DC8C1B022BB2337400B073B7 /* XCRemoteSwiftPackageReference "firebase-ios-sdk" */ = {
			isa = XCRemoteSwiftPackageReference;
			repositoryURL = "https://github.com/firebase/firebase-ios-sdk";
			requirement = {
				kind = upToNextMajorVersion;
				minimumVersion = 10.23.0;
			};
		};
/* End XCRemoteSwiftPackageReference section */

/* Begin XCSwiftPackageProductDependency section */
		DC3C86912BA005DE009F581D /* GoogleMobileAds */ = {
			isa = XCSwiftPackageProductDependency;
			package = DC3C86902BA0056A009F581D /* XCRemoteSwiftPackageReference "swift-package-manager-google-mobile-ads" */;
			productName = GoogleMobileAds;
		};
		DC3C86932BA00824009F581D /* GoogleMobileAds */ = {
			isa = XCSwiftPackageProductDependency;
			package = DC3C86902BA0056A009F581D /* XCRemoteSwiftPackageReference "swift-package-manager-google-mobile-ads" */;
			productName = GoogleMobileAds;
		};
		DC8C1B032BB2337400B073B7 /* FirebaseAnalytics */ = {
			isa = XCSwiftPackageProductDependency;
			package = DC8C1B022BB2337400B073B7 /* XCRemoteSwiftPackageReference "firebase-ios-sdk" */;
			productName = FirebaseAnalytics;
		};
		DC8C1B052BB2343400B073B7 /* FirebaseAnalytics */ = {
			isa = XCSwiftPackageProductDependency;
			package = DC8C1B022BB2337400B073B7 /* XCRemoteSwiftPackageReference "firebase-ios-sdk" */;
			productName = FirebaseAnalytics;
		};
/* End XCSwiftPackageProductDependency section */
	};
	rootObject = DCAB2D932A9FA91300A822D7 /* Project object */;
}
